# THIS IS AN AUTOGENERATED FILE. DO NOT EDIT THIS FILE DIRECTLY.
# yarn lockfile v1


"@algolia/cache-browser-local-storage@4.13.1":
  version "4.13.1"
  resolved "https://registry.yarnpkg.com/@algolia/cache-browser-local-storage/-/cache-browser-local-storage-4.13.1.tgz#ffacb9230119f77de1a6f163b83680be999110e4"
  integrity sha512-UAUVG2PEfwd/FfudsZtYnidJ9eSCpS+LW9cQiesePQLz41NAcddKxBak6eP2GErqyFagSlnVXe/w2E9h2m2ttg==
  dependencies:
    "@algolia/cache-common" "4.13.1"

"@algolia/cache-common@4.13.1":
  version "4.13.1"
  resolved "https://registry.yarnpkg.com/@algolia/cache-common/-/cache-common-4.13.1.tgz#c933fdec9f73b4f7c69d5751edc92eee4a63d76b"
  integrity sha512-7Vaf6IM4L0Jkl3sYXbwK+2beQOgVJ0mKFbz/4qSxKd1iy2Sp77uTAazcX+Dlexekg1fqGUOSO7HS4Sx47ZJmjA==

"@algolia/cache-in-memory@4.13.1":
  version "4.13.1"
  resolved "https://registry.yarnpkg.com/@algolia/cache-in-memory/-/cache-in-memory-4.13.1.tgz#c19baa67b4597e1a93e987350613ab3b88768832"
  integrity sha512-pZzybCDGApfA/nutsFK1P0Sbsq6fYJU3DwIvyKg4pURerlJM4qZbB9bfLRef0FkzfQu7W11E4cVLCIOWmyZeuQ==
  dependencies:
    "@algolia/cache-common" "4.13.1"

"@algolia/client-account@4.13.1":
  version "4.13.1"
  resolved "https://registry.yarnpkg.com/@algolia/client-account/-/client-account-4.13.1.tgz#fea591943665477a23922ab31863ad0732e26c66"
  integrity sha512-TFLiZ1KqMiir3FNHU+h3b0MArmyaHG+eT8Iojio6TdpeFcAQ1Aiy+2gb3SZk3+pgRJa/BxGmDkRUwE5E/lv3QQ==
  dependencies:
    "@algolia/client-common" "4.13.1"
    "@algolia/client-search" "4.13.1"
    "@algolia/transporter" "4.13.1"

"@algolia/client-analytics@4.13.1":
  version "4.13.1"
  resolved "https://registry.yarnpkg.com/@algolia/client-analytics/-/client-analytics-4.13.1.tgz#5275956b2d0d16997148f2085f1701b6c39ecc32"
  integrity sha512-iOS1JBqh7xaL5x00M5zyluZ9+9Uy9GqtYHv/2SMuzNW1qP7/0doz1lbcsP3S7KBbZANJTFHUOfuqyRLPk91iFA==
  dependencies:
    "@algolia/client-common" "4.13.1"
    "@algolia/client-search" "4.13.1"
    "@algolia/requester-common" "4.13.1"
    "@algolia/transporter" "4.13.1"

"@algolia/client-common@4.13.1":
  version "4.13.1"
  resolved "https://registry.yarnpkg.com/@algolia/client-common/-/client-common-4.13.1.tgz#3bf9e3586f20ef85bbb56ccca390f7dbe57c8f4f"
  integrity sha512-LcDoUE0Zz3YwfXJL6lJ2OMY2soClbjrrAKB6auYVMNJcoKZZ2cbhQoFR24AYoxnGUYBER/8B+9sTBj5bj/Gqbg==
  dependencies:
    "@algolia/requester-common" "4.13.1"
    "@algolia/transporter" "4.13.1"

"@algolia/client-personalization@4.13.1":
  version "4.13.1"
  resolved "https://registry.yarnpkg.com/@algolia/client-personalization/-/client-personalization-4.13.1.tgz#438a1f58576ef19c4ad4addb8417bdacfe2fce2e"
  integrity sha512-1CqrOW1ypVrB4Lssh02hP//YxluoIYXAQCpg03L+/RiXJlCs+uIqlzC0ctpQPmxSlTK6h07kr50JQoYH/TIM9w==
  dependencies:
    "@algolia/client-common" "4.13.1"
    "@algolia/requester-common" "4.13.1"
    "@algolia/transporter" "4.13.1"

"@algolia/client-search@4.13.1":
  version "4.13.1"
  resolved "https://registry.yarnpkg.com/@algolia/client-search/-/client-search-4.13.1.tgz#5501deed01e23c33d4aaa9f9eb96a849f0fce313"
  integrity sha512-YQKYA83MNRz3FgTNM+4eRYbSmHi0WWpo019s5SeYcL3HUan/i5R09VO9dk3evELDFJYciiydSjbsmhBzbpPP2A==
  dependencies:
    "@algolia/client-common" "4.13.1"
    "@algolia/requester-common" "4.13.1"
    "@algolia/transporter" "4.13.1"

"@algolia/events@^4.0.1":
  version "4.0.1"
  resolved "https://registry.yarnpkg.com/@algolia/events/-/events-4.0.1.tgz#fd39e7477e7bc703d7f893b556f676c032af3950"
  integrity sha512-FQzvOCgoFXAbf5Y6mYozw2aj5KCJoA3m4heImceldzPSMbdyS4atVjJzXKMsfX3wnZTFYwkkt8/z8UesLHlSBQ==

"@algolia/logger-common@4.13.1":
  version "4.13.1"
  resolved "https://registry.yarnpkg.com/@algolia/logger-common/-/logger-common-4.13.1.tgz#4221378e701e3f1eacaa051bcd4ba1f25ddfaf4d"
  integrity sha512-L6slbL/OyZaAXNtS/1A8SAbOJeEXD5JcZeDCPYDqSTYScfHu+2ePRTDMgUTY4gQ7HsYZ39N1LujOd8WBTmM2Aw==

"@algolia/logger-console@4.13.1":
  version "4.13.1"
  resolved "https://registry.yarnpkg.com/@algolia/logger-console/-/logger-console-4.13.1.tgz#423d358e4992dd4bceab0d9a4e99d1fd68107043"
  integrity sha512-7jQOTftfeeLlnb3YqF8bNgA2GZht7rdKkJ31OCeSH2/61haO0tWPoNRjZq9XLlgMQZH276pPo0NdiArcYPHjCA==
  dependencies:
    "@algolia/logger-common" "4.13.1"

"@algolia/requester-browser-xhr@4.13.1":
  version "4.13.1"
  resolved "https://registry.yarnpkg.com/@algolia/requester-browser-xhr/-/requester-browser-xhr-4.13.1.tgz#f8ea79233cf6f0392feaf31e35a6b40d68c5bc9e"
  integrity sha512-oa0CKr1iH6Nc7CmU6RE7TnXMjHnlyp7S80pP/LvZVABeJHX3p/BcSCKovNYWWltgTxUg0U1o+2uuy8BpMKljwA==
  dependencies:
    "@algolia/requester-common" "4.13.1"

"@algolia/requester-common@4.13.1":
  version "4.13.1"
  resolved "https://registry.yarnpkg.com/@algolia/requester-common/-/requester-common-4.13.1.tgz#daea143d15ab6ed3909c4c45877f1b6c36a16179"
  integrity sha512-eGVf0ID84apfFEuXsaoSgIxbU3oFsIbz4XiotU3VS8qGCJAaLVUC5BUJEkiFENZIhon7hIB4d0RI13HY4RSA+w==

"@algolia/requester-node-http@4.13.1":
  version "4.13.1"
  resolved "https://registry.yarnpkg.com/@algolia/requester-node-http/-/requester-node-http-4.13.1.tgz#32c63d4c009f22d97e396406de7af9b66fb8e89d"
  integrity sha512-7C0skwtLdCz5heKTVe/vjvrqgL/eJxmiEjHqXdtypcE5GCQCYI15cb+wC4ytYioZDMiuDGeVYmCYImPoEgUGPw==
  dependencies:
    "@algolia/requester-common" "4.13.1"

"@algolia/transporter@4.13.1":
  version "4.13.1"
  resolved "https://registry.yarnpkg.com/@algolia/transporter/-/transporter-4.13.1.tgz#509e03e9145102843d5be4a031c521f692d4e8d6"
  integrity sha512-pICnNQN7TtrcYJqqPEXByV8rJ8ZRU2hCiIKLTLRyNpghtQG3VAFk6fVtdzlNfdUGZcehSKGarPIZEHlQXnKjgw==
  dependencies:
    "@algolia/cache-common" "4.13.1"
    "@algolia/logger-common" "4.13.1"
    "@algolia/requester-common" "4.13.1"

"@babel/runtime@^7.1.2":
  version "7.11.2"
  resolved "https://registry.yarnpkg.com/@babel/runtime/-/runtime-7.11.2.tgz#f549c13c754cc40b87644b9fa9f09a6a95fe0736"
  integrity sha512-TeWkU52so0mPtDcaCTxNBI/IHiz0pZgr8VEFqXFtZWpYD08ZB6FaSwVAS8MKRQAP3bYKiVjwysOJgMFY28o6Tw==
  dependencies:
    regenerator-runtime "^0.13.4"

"@next/env@12.1.6":
  version "12.1.6"
  resolved "https://registry.yarnpkg.com/@next/env/-/env-12.1.6.tgz#5f44823a78335355f00f1687cfc4f1dafa3eca08"
  integrity sha512-Te/OBDXFSodPU6jlXYPAXpmZr/AkG6DCATAxttQxqOWaq6eDFX25Db3dK0120GZrSZmv4QCe9KsZmJKDbWs4OA==

"@next/swc-android-arm-eabi@12.1.6":
  version "12.1.6"
  resolved "https://registry.yarnpkg.com/@next/swc-android-arm-eabi/-/swc-android-arm-eabi-12.1.6.tgz#79a35349b98f2f8c038ab6261aa9cd0d121c03f9"
  integrity sha512-BxBr3QAAAXWgk/K7EedvzxJr2dE014mghBSA9iOEAv0bMgF+MRq4PoASjuHi15M2zfowpcRG8XQhMFtxftCleQ==

"@next/swc-android-arm64@12.1.6":
  version "12.1.6"
  resolved "https://registry.yarnpkg.com/@next/swc-android-arm64/-/swc-android-arm64-12.1.6.tgz#ec08ea61794f8752c8ebcacbed0aafc5b9407456"
  integrity sha512-EboEk3ROYY7U6WA2RrMt/cXXMokUTXXfnxe2+CU+DOahvbrO8QSWhlBl9I9ZbFzJx28AGB9Yo3oQHCvph/4Lew==

"@next/swc-darwin-arm64@12.1.6":
  version "12.1.6"
  resolved "https://registry.yarnpkg.com/@next/swc-darwin-arm64/-/swc-darwin-arm64-12.1.6.tgz#d1053805615fd0706e9b1667893a72271cd87119"
  integrity sha512-P0EXU12BMSdNj1F7vdkP/VrYDuCNwBExtRPDYawgSUakzi6qP0iKJpya2BuLvNzXx+XPU49GFuDC5X+SvY0mOw==

"@next/swc-darwin-x64@12.1.6":
  version "12.1.6"
  resolved "https://registry.yarnpkg.com/@next/swc-darwin-x64/-/swc-darwin-x64-12.1.6.tgz#2d1b926a22f4c5230d5b311f9c56cfdcc406afec"
  integrity sha512-9FptMnbgHJK3dRDzfTpexs9S2hGpzOQxSQbe8omz6Pcl7rnEp9x4uSEKY51ho85JCjL4d0tDLBcXEJZKKLzxNg==

"@next/swc-linux-arm-gnueabihf@12.1.6":
  version "12.1.6"
  resolved "https://registry.yarnpkg.com/@next/swc-linux-arm-gnueabihf/-/swc-linux-arm-gnueabihf-12.1.6.tgz#c021918d2a94a17f823106a5e069335b8a19724f"
  integrity sha512-PvfEa1RR55dsik/IDkCKSFkk6ODNGJqPY3ysVUZqmnWMDSuqFtf7BPWHFa/53znpvVB5XaJ5Z1/6aR5CTIqxPw==

"@next/swc-linux-arm64-gnu@12.1.6":
  version "12.1.6"
  resolved "https://registry.yarnpkg.com/@next/swc-linux-arm64-gnu/-/swc-linux-arm64-gnu-12.1.6.tgz#ac55c07bfabde378dfa0ce2b8fc1c3b2897e81ae"
  integrity sha512-53QOvX1jBbC2ctnmWHyRhMajGq7QZfl974WYlwclXarVV418X7ed7o/EzGY+YVAEKzIVaAB9JFFWGXn8WWo0gQ==

"@next/swc-linux-arm64-musl@12.1.6":
  version "12.1.6"
  resolved "https://registry.yarnpkg.com/@next/swc-linux-arm64-musl/-/swc-linux-arm64-musl-12.1.6.tgz#e429f826279894be9096be6bec13e75e3d6bd671"
  integrity sha512-CMWAkYqfGdQCS+uuMA1A2UhOfcUYeoqnTW7msLr2RyYAys15pD960hlDfq7QAi8BCAKk0sQ2rjsl0iqMyziohQ==

"@next/swc-linux-x64-gnu@12.1.6":
  version "12.1.6"
  resolved "https://registry.yarnpkg.com/@next/swc-linux-x64-gnu/-/swc-linux-x64-gnu-12.1.6.tgz#1f276c0784a5ca599bfa34b2fcc0b38f3a738e08"
  integrity sha512-AC7jE4Fxpn0s3ujngClIDTiEM/CQiB2N2vkcyWWn6734AmGT03Duq6RYtPMymFobDdAtZGFZd5nR95WjPzbZAQ==

"@next/swc-linux-x64-musl@12.1.6":
  version "12.1.6"
  resolved "https://registry.yarnpkg.com/@next/swc-linux-x64-musl/-/swc-linux-x64-musl-12.1.6.tgz#1d9933dd6ba303dcfd8a2acd6ac7c27ed41e2eea"
  integrity sha512-c9Vjmi0EVk0Kou2qbrynskVarnFwfYIi+wKufR9Ad7/IKKuP6aEhOdZiIIdKsYWRtK2IWRF3h3YmdnEa2WLUag==

"@next/swc-win32-arm64-msvc@12.1.6":
  version "12.1.6"
  resolved "https://registry.yarnpkg.com/@next/swc-win32-arm64-msvc/-/swc-win32-arm64-msvc-12.1.6.tgz#2ef9837f12ca652b1783d72ecb86208906042f02"
  integrity sha512-3UTOL/5XZSKFelM7qN0it35o3Cegm6LsyuERR3/OoqEExyj3aCk7F025b54/707HTMAnjlvQK3DzLhPu/xxO4g==

"@next/swc-win32-ia32-msvc@12.1.6":
  version "12.1.6"
  resolved "https://registry.yarnpkg.com/@next/swc-win32-ia32-msvc/-/swc-win32-ia32-msvc-12.1.6.tgz#74003d0aa1c59dfa56cb15481a5c607cbc0027b9"
  integrity sha512-8ZWoj6nCq6fI1yCzKq6oK0jE6Mxlz4MrEsRyu0TwDztWQWe7rh4XXGLAa2YVPatYcHhMcUL+fQQbqd1MsgaSDA==

"@next/swc-win32-x64-msvc@12.1.6":
  version "12.1.6"
  resolved "https://registry.yarnpkg.com/@next/swc-win32-x64-msvc/-/swc-win32-x64-msvc-12.1.6.tgz#a350caf42975e7197b24b495b8d764eec7e6a36e"
  integrity sha512-4ZEwiRuZEicXhXqmhw3+de8Z4EpOLQj/gp+D9fFWo6ii6W1kBkNNvvEx4A90ugppu+74pT1lIJnOuz3A9oQeJA==

algoliasearch-helper@^3.8.2:
  version "3.8.2"
  resolved "https://registry.yarnpkg.com/algoliasearch-helper/-/algoliasearch-helper-3.8.2.tgz#35726dc6d211f49dbab0bf6d37b4658165539523"
  integrity sha512-AXxiF0zT9oYwl8ZBgU/eRXvfYhz7cBA5YrLPlw9inZHdaYF0QEya/f1Zp1mPYMXc1v6VkHwBq4pk6/vayBLICg==
  dependencies:
    "@algolia/events" "^4.0.1"

algoliasearch@4.13.1:
  version "4.13.1"
  resolved "https://registry.yarnpkg.com/algoliasearch/-/algoliasearch-4.13.1.tgz#54195c41c9e4bd13ed64982248cf49d4576974fe"
  integrity sha512-dtHUSE0caWTCE7liE1xaL+19AFf6kWEcyn76uhcitWpntqvicFHXKFoZe5JJcv9whQOTRM6+B8qJz6sFj+rDJA==
  dependencies:
    "@algolia/cache-browser-local-storage" "4.13.1"
    "@algolia/cache-common" "4.13.1"
    "@algolia/cache-in-memory" "4.13.1"
    "@algolia/client-account" "4.13.1"
    "@algolia/client-analytics" "4.13.1"
    "@algolia/client-common" "4.13.1"
    "@algolia/client-personalization" "4.13.1"
    "@algolia/client-search" "4.13.1"
    "@algolia/logger-common" "4.13.1"
    "@algolia/logger-console" "4.13.1"
    "@algolia/requester-browser-xhr" "4.13.1"
    "@algolia/requester-common" "4.13.1"
    "@algolia/requester-node-http" "4.13.1"
    "@algolia/transporter" "4.13.1"

caniuse-lite@^1.0.30001332:
  version "1.0.30001354"
  resolved "https://registry.yarnpkg.com/caniuse-lite/-/caniuse-lite-1.0.30001354.tgz#95c5efdb64148bb4870771749b9a619304755ce5"
  integrity sha512-mImKeCkyGDAHNywYFA4bqnLAzTUvVkqPvhY4DV47X+Gl2c5Z8c3KNETnXp14GQt11LvxE8AwjzGxJ+rsikiOzg==

classnames@^2.2.5:
  version "2.2.6"
  resolved "https://registry.yarnpkg.com/classnames/-/classnames-2.2.6.tgz#43935bffdd291f326dad0a205309b38d00f650ce"
  integrity sha512-JR/iSQOSt+LQIWwrwEzJ9uk0xfN3mTVYMwt1Ir5mUcSN6pU+V4zQFFaJsclJbPuAUQH+yfWef6tm7l1quW3C8Q==

"js-tokens@^3.0.0 || ^4.0.0":
  version "4.0.0"
  resolved "https://registry.yarnpkg.com/js-tokens/-/js-tokens-4.0.0.tgz#19203fb59991df98e3a287050d4647cdeaf32499"
  integrity sha512-RdJUflcE3cUzKiMqQgsCu06FPu9UdIJO0beYbPhHN4k6apgJtifcoCtT9bcxOpYBtpD2kCM6Sbzg4CausW/PKQ==

loose-envify@^1.1.0, loose-envify@^1.4.0:
  version "1.4.0"
  resolved "https://registry.yarnpkg.com/loose-envify/-/loose-envify-1.4.0.tgz#71ee51fa7be4caec1a63839f7e682d8132d30caf"
  integrity sha512-lyuxPGr/Wfhrlem2CL/UcnUc1zcqKAImBDzukY7Y5F/yQiNdko6+fRLevlw1HgMySw7f611UIY408EtxRSoK3Q==
  dependencies:
    js-tokens "^3.0.0 || ^4.0.0"

nanoid@^3.1.30:
  version "3.3.4"
  resolved "https://registry.yarnpkg.com/nanoid/-/nanoid-3.3.4.tgz#730b67e3cd09e2deacf03c027c81c9d9dbc5e8ab"
  integrity sha512-MqBkQh/OHTS2egovRtLk45wEyNXwF+cokD+1YPf9u5VfJiRdAiRwB2froX5Co9Rh20xs4siNPm8naNotSD6RBw==

next@12.1.6:
  version "12.1.6"
  resolved "https://registry.yarnpkg.com/next/-/next-12.1.6.tgz#eb205e64af1998651f96f9df44556d47d8bbc533"
  integrity sha512-cebwKxL3/DhNKfg9tPZDQmbRKjueqykHHbgaoG4VBRH3AHQJ2HO0dbKFiS1hPhe1/qgc2d/hFeadsbPicmLD+A==
  dependencies:
    "@next/env" "12.1.6"
    caniuse-lite "^1.0.30001332"
    postcss "8.4.5"
    styled-jsx "5.0.2"
  optionalDependencies:
    "@next/swc-android-arm-eabi" "12.1.6"
    "@next/swc-android-arm64" "12.1.6"
    "@next/swc-darwin-arm64" "12.1.6"
    "@next/swc-darwin-x64" "12.1.6"
    "@next/swc-linux-arm-gnueabihf" "12.1.6"
    "@next/swc-linux-arm64-gnu" "12.1.6"
    "@next/swc-linux-arm64-musl" "12.1.6"
    "@next/swc-linux-x64-gnu" "12.1.6"
    "@next/swc-linux-x64-musl" "12.1.6"
    "@next/swc-win32-arm64-msvc" "12.1.6"
    "@next/swc-win32-ia32-msvc" "12.1.6"
    "@next/swc-win32-x64-msvc" "12.1.6"

object-assign@^4.1.1:
  version "4.1.1"
  resolved "https://registry.yarnpkg.com/object-assign/-/object-assign-4.1.1.tgz#2109adc7965887cfc05cbbd442cac8bfbb360863"
  integrity sha1-IQmtx5ZYh8/AXLvUQsrIv7s2CGM=

picocolors@^1.0.0:
  version "1.0.0"
  resolved "https://registry.yarnpkg.com/picocolors/-/picocolors-1.0.0.tgz#cb5bdc74ff3f51892236eaf79d68bc44564ab81c"
  integrity sha512-1fygroTLlHu66zi26VoTDv8yRgm0Fccecssto+MhsZ0D/DGW2sm8E8AjW7NU5VVTRt5GxbeZ5qBuJr+HyLYkjQ==

postcss@8.4.5:
  version "8.4.5"
  resolved "https://registry.yarnpkg.com/postcss/-/postcss-8.4.5.tgz#bae665764dfd4c6fcc24dc0fdf7e7aa00cc77f95"
  integrity sha512-jBDboWM8qpaqwkMwItqTQTiFikhs/67OYVvblFFTM7MrZjt6yMKd6r2kgXizEbTTljacm4NldIlZnhbjr84QYg==
  dependencies:
    nanoid "^3.1.30"
    picocolors "^1.0.0"
    source-map-js "^1.0.1"

prop-types@^15.6.2:
  version "15.7.2"
  resolved "https://registry.yarnpkg.com/prop-types/-/prop-types-15.7.2.tgz#52c41e75b8c87e72b9d9360e0206b99dcbffa6c5"
  integrity sha512-8QQikdH7//R2vurIJSutZ1smHYTcLpRWEOlHnzcWHmBYrOGUysKwSsrC89BCiFj3CbrfJ/nXFdJepOVrY1GCHQ==
  dependencies:
    loose-envify "^1.4.0"
    object-assign "^4.1.1"
    react-is "^16.8.1"

react-dom@18.2.0:
  version "18.2.0"
  resolved "https://registry.yarnpkg.com/react-dom/-/react-dom-18.2.0.tgz#22aaf38708db2674ed9ada224ca4aa708d821e3d"
  integrity sha512-6IMTriUmvsjHUjNtEDudZfuDQUoWXVxKHhlEGSk81n4YFS+r/Kl99wXiwlVXtPBtJenozv2P+hxDsw9eA7Xo6g==
  dependencies:
    loose-envify "^1.1.0"
    scheduler "^0.23.0"

react-fast-compare@^3.0.0:
  version "3.2.0"
  resolved "https://registry.yarnpkg.com/react-fast-compare/-/react-fast-compare-3.2.0.tgz#641a9da81b6a6320f270e89724fb45a0b39e43bb"
  integrity sha512-rtGImPZ0YyLrscKI9xTpV8psd6I8VAtjKCzQDlzyDvqJA8XOW78TXYQwNRNd8g8JZnDu8q9Fu/1v4HPAVwVdHA==

react-instantsearch-core@6.28.0:
  version "6.28.0"
  resolved "https://registry.yarnpkg.com/react-instantsearch-core/-/react-instantsearch-core-6.28.0.tgz#c1aa480583e5f807b17bffd61442ff82bf94573c"
  integrity sha512-wj35Vr+CNif1t2nLHq+MgEL9qRImauFCR9bsjKBYHuH5XcW9GJr8JqGvCSSTPVcljM+AxgU+PFzLe++bPVabpQ==
  dependencies:
    "@babel/runtime" "^7.1.2"
    algoliasearch-helper "^3.8.2"
    prop-types "^15.6.2"
    react-fast-compare "^3.0.0"

react-instantsearch-dom@6.28.0:
  version "6.28.0"
  resolved "https://registry.yarnpkg.com/react-instantsearch-dom/-/react-instantsearch-dom-6.28.0.tgz#96d969b999bf6e1fa0df369e1dabe96d0f828179"
  integrity sha512-iYCwUX7ToN5Ut5BN2c5zyzIUl8HQd2YxAVO4jtnoaYA++7+dwfPTYEktELD0T99HStGM1tb7e5aQ1lJj/7hK9g==
  dependencies:
    "@babel/runtime" "^7.1.2"
    algoliasearch-helper "^3.8.2"
    classnames "^2.2.5"
    prop-types "^15.6.2"
    react-fast-compare "^3.0.0"
    react-instantsearch-core "6.28.0"

react-is@^16.8.1:
  version "16.13.1"
  resolved "https://registry.yarnpkg.com/react-is/-/react-is-16.13.1.tgz#789729a4dc36de2999dc156dd6c1d9c18cea56a4"
  integrity sha512-24e6ynE2H+OKt4kqsOvNd8kBpV65zoxbA4BVsEOB3ARVWQki/DHzaUoC5KuON/BiccDaCCTZBuOcfZs70kR8bQ==

react@18.2.0:
  version "18.2.0"
  resolved "https://registry.yarnpkg.com/react/-/react-18.2.0.tgz#555bd98592883255fa00de14f1151a917b5d77d5"
  integrity sha512-/3IjMdb2L9QbBdWiW5e3P2/npwMBaU9mHCSCUzNln0ZCYbcfTsGbTJrU/kGemdH2IWmB2ioZ+zkxtmq6g09fGQ==
  dependencies:
    loose-envify "^1.1.0"

regenerator-runtime@^0.13.4:
  version "0.13.7"
  resolved "https://registry.yarnpkg.com/regenerator-runtime/-/regenerator-runtime-0.13.7.tgz#cac2dacc8a1ea675feaabaeb8ae833898ae46f55"
  integrity sha512-a54FxoJDIr27pgf7IgeQGxmqUNYrcV338lf/6gH456HZ/PhX+5BcwHXG9ajESmwe6WRO0tAzRUrRmNONWgkrew==

scheduler@^0.23.0:
  version "0.23.0"
  resolved "https://registry.yarnpkg.com/scheduler/-/scheduler-0.23.0.tgz#ba8041afc3d30eb206a487b6b384002e4e61fdfe"
  integrity sha512-CtuThmgHNg7zIZWAXi3AsyIzA3n4xx7aNyjwC2VJldO2LMVDhFK+63xGqq6CsJH4rTAt6/M+N4GhZiDYPx9eUw==
  dependencies:
    loose-envify "^1.1.0"

source-map-js@^1.0.1:
  version "1.0.2"
  resolved "https://registry.yarnpkg.com/source-map-js/-/source-map-js-1.0.2.tgz#adbc361d9c62df380125e7f161f71c826f1e490c"
  integrity sha512-R0XvVJ9WusLiqTCEiGCmICCMplcCkIwwR11mOSD9CR5u+IXYdiseeEuXCVAjS54zqwkLcPNnmU4OeJ6tUrWhDw==

styled-jsx@5.0.2:
  version "5.0.2"
  resolved "https://registry.yarnpkg.com/styled-jsx/-/styled-jsx-5.0.2.tgz#ff230fd593b737e9e68b630a694d460425478729"
  integrity sha512-LqPQrbBh3egD57NBcHET4qcgshPks+yblyhPlH2GY8oaDgKs8SK4C3dBh3oSJjgzJ3G5t1SYEZGHkP+QEpX9EQ==
